
Microsoft Visual Studio Solution File, Format Version 12.00
# Visual Studio 15
VisualStudioVersion = 15.0.26430.14
MinimumVisualStudioVersion = 10.0.40219.1
Project("{FAE04EC0-301F-11D3-BF4B-00C04F79EFBC}") = "StudentLibrary", "StudentLibrary\StudentLibrary.csproj", "{52D7E08E-59C3-485C-A45D-5EE596F5C7B2}"
EndProject
Project("{FAE04EC0-301F-11D3-BF4B-00C04F79EFBC}") = "PokemonRunLibrary", "PokemonRunLibrary\PokemonRunLibrary.csproj", "{D827DC47-3766-49D2-9B42-DD1B848414BD}"
EndProject
Project("{FAE04EC0-301F-11D3-BF4B-00C04F79EFBC}") = "AppleStoreLibrary", "AppleStoreLibrary\AppleStoreLibrary.csproj", "{0CA9A065-D267-4ACB-B2E6-2F01E3AB69ED}"
EndProject
Project("{FAE04EC0-301F-11D3-BF4B-00C04F79EFBC}") = "EasyMathLibrary", "EasyMathLibrary\EasyMathLibrary.csproj", "{77AB24E7-AA08-4C88-8139-712E9ECE99E9}"
EndProject
Global
	GlobalSection(SolutionConfigurationPlatforms) = preSolution
		Debug|Any CPU = Debug|Any CPU
		Release|Any CPU = Release|Any CPU
	EndGlobalSection
	GlobalSection(ProjectConfigurationPlatforms) = postSolution
		{52D7E08E-59C3-485C-A45D-5EE596F5C7B2}.Debug|Any CPU.ActiveCfg = Debug|Any CPU
		{52D7E08E-59C3-485C-A45D-5EE596F5C7B2}.Debug|Any CPU.Build.0 = Debug|Any CPU
		{52D7E08E-59C3-485C-A45D-5EE596F5C7B2}.Release|Any CPU.ActiveCfg = Release|Any CPU
		{52D7E08E-59C3-485C-A45D-5EE596F5C7B2}.Release|Any CPU.Build.0 = Release|Any CPU
		{D827DC47-3766-49D2-9B42-DD1B848414BD}.Debug|Any CPU.ActiveCfg = Debug|Any CPU
		{D827DC47-3766-49D2-9B42-DD1B848414BD}.Debug|Any CPU.Build.0 = Debug|Any CPU
		{D827DC47-3766-49D2-9B42-DD1B848414BD}.Release|Any CPU.ActiveCfg = Release|Any CPU
		{D827DC47-3766-49D2-9B42-DD1B848414BD}.Release|Any CPU.Build.0 = Release|Any CPU
		{0CA9A065-D267-4ACB-B2E6-2F01E3AB69ED}.Debug|Any CPU.ActiveCfg = Debug|Any CPU
		{0CA9A065-D267-4ACB-B2E6-2F01E3AB69ED}.Debug|Any CPU.Build.0 = Debug|Any CPU
		{0CA9A065-D267-4ACB-B2E6-2F01E3AB69ED}.Release|Any CPU.ActiveCfg = Release|Any CPU
		{0CA9A065-D267-4ACB-B2E6-2F01E3AB69ED}.Release|Any CPU.Build.0 = Release|Any CPU
		{77AB24E7-AA08-4C88-8139-712E9ECE99E9}.Debug|Any CPU.ActiveCfg = Debug|Any CPU
		{77AB24E7-AA08-4C88-8139-712E9ECE99E9}.Debug|Any CPU.Build.0 = Debug|Any CPU
		{77AB24E7-AA08-4C88-8139-712E9ECE99E9}.Release|Any CPU.ActiveCfg = Release|Any CPU
		{77AB24E7-AA08-4C88-8139-712E9ECE99E9}.Release|Any CPU.Build.0 = Release|Any CPU
	EndGlobalSection
	GlobalSection(SolutionProperties) = preSolution
		HideSolutionNode = FALSE
	EndGlobalSection
EndGlobal
